<Solution>
  <Folder Name="/src/">
    <Project Path="src/Orleans.Http.Abstractions/Orleans.Http.Abstractions.csproj" />
    <Project Path="src/Orleans.Http.MediaTypes.Protobuf/Orleans.Http.MediaTypes.Protobuf.csproj" />
    <Project Path="src/Orleans.Http/Orleans.Http.csproj" />
  </Folder>
  <Folder Name="/test/">
    <Project Path="test/Orleans.Http.Test/Orleans.Http.Test.csproj" />
    <Project Path="test/Orleans.Http.TestApp/Orleans.Http.TestApp.csproj" />
  </Folder>
</Solution>
